
Microsoft Visual Studio Solution File, Format Version 12.00
# Visual Studio Version 17
VisualStudioVersion = 17.11.35327.3
MinimumVisualStudioVersion = 10.0.40219.1
Project("{2150E333-8FDC-42A3-9474-1A3956D46DE8}") = "01 - Application", "01 - Application", "{50E20954-E746-434A-88C6-C21A15A0C210}"
EndProject
Project("{2150E333-8FDC-42A3-9474-1A3956D46DE8}") = "02 - Domain", "02 - Domain", "{58AAC035-75D6-42FB-8257-AAE501891A9C}"
EndProject
Project("{2150E333-8FDC-42A3-9474-1A3956D46DE8}") = "03 - Service", "03 - Service", "{81CF3FEB-279E-4FA5-B6FA-1BE5AE9E45B7}"
EndProject
Project("{2150E333-8FDC-42A3-9474-1A3956D46DE8}") = "04 - Infra", "04 - Infra", "{B225779E-065F-4D18-897D-4AA9457BFCFB}"
EndProject
Project("{2150E333-8FDC-42A3-9474-1A3956D46DE8}") = "Api", "Api", "{592E17C2-22C2-4CDB-8F33-CDF6DE77F122}"
EndProject
Project("{2150E333-8FDC-42A3-9474-1A3956D46DE8}") = "Core", "Core", "{1C68E266-8C2A-4883-A85D-04559A58ED92}"
EndProject
Project("{2150E333-8FDC-42A3-9474-1A3956D46DE8}") = "Infrastructure", "Infrastructure", "{22416ACB-CBBB-412E-B825-B21826638FA0}"
EndProject
Project("{9A19103F-16F7-4668-BE54-9A1E7A4F7556}") = "GameStore.Domain", "src\GameStore.Domain\GameStore.Domain.csproj", "{3103179F-B0D1-4A11-8F25-8B3A1C108257}"
EndProject
Project("{2150E333-8FDC-42A3-9474-1A3956D46DE8}") = "Boxing", "Boxing", "{5EA732BA-5A75-4E89-8817-0B975949C3CD}"
EndProject
Project("{9A19103F-16F7-4668-BE54-9A1E7A4F7556}") = "GameStore.BoxingService", "src\GameStore.BoxingService\GameStore.BoxingService.csproj", "{EDAE8410-9F95-422D-AC2B-7D969F5EA0DE}"
EndProject
Project("{9A19103F-16F7-4668-BE54-9A1E7A4F7556}") = "GameStore.Infrastructure", "src\GameStore.Infrastructure\GameStore.Infrastructure.csproj", "{4E531879-8375-41E6-B624-712501F2F1BE}"
EndProject
Project("{9A19103F-16F7-4668-BE54-9A1E7A4F7556}") = "GameStore.API", "src\GameStore.API\GameStore.API.csproj", "{62CCD5FF-38FB-4877-AF83-12ECDF849580}"
EndProject
Project("{2150E333-8FDC-42A3-9474-1A3956D46DE8}") = "Identity", "Identity", "{4322AEAA-70F5-4C70-A9FC-439916C17D2B}"
EndProject
Project("{9A19103F-16F7-4668-BE54-9A1E7A4F7556}") = "GameStore.Identity", "src\GameStore.Identity\GameStore.Identity.csproj", "{4CA58634-A759-437B-8055-642535863993}"
EndProject
Project("{2150E333-8FDC-42A3-9474-1A3956D46DE8}") = "Shared", "Shared", "{45953576-0528-414C-B01C-BD094DB9D2F4}"
EndProject
Project("{9A19103F-16F7-4668-BE54-9A1E7A4F7556}") = "GameStore.SharedServices", "src\GameStore.SharedServices\GameStore.SharedServices.csproj", "{9548AE55-E955-4008-AC52-156A61A69865}"
EndProject
Project("{2150E333-8FDC-42A3-9474-1A3956D46DE8}") = "Messaging", "Messaging", "{600A6D13-5D1A-41A2-994E-2293A4FAE4C0}"
EndProject
Project("{9A19103F-16F7-4668-BE54-9A1E7A4F7556}") = "GameStore.Messaging", "src\GameStore.Messaging\GameStore.Messaging.csproj", "{D616A22E-2364-4324-BF1B-8FC364460F08}"
EndProject
Project("{2150E333-8FDC-42A3-9474-1A3956D46DE8}") = "Tests", "Tests", "{D172B587-2782-482A-A121-DF95EFEED972}"
EndProject
Project("{2150E333-8FDC-42A3-9474-1A3956D46DE8}") = "Solution Items", "Solution Items", "{0716B84A-BB53-461C-A744-413386B0F428}"
	ProjectSection(SolutionItems) = preProject
		.gitignore = .gitignore
		README.md = README.md
	EndProjectSection
EndProject
Project("{2150E333-8FDC-42A3-9474-1A3956D46DE8}") = "ApplicationTests", "ApplicationTests", "{747E4DDD-09AB-4D2D-B459-87B2A197F074}"
EndProject
Project("{2150E333-8FDC-42A3-9474-1A3956D46DE8}") = "InfrastructureTests", "InfrastructureTests", "{226ABD11-E47A-4861-9CCE-15EF6E10CEA6}"
EndProject
Project("{2150E333-8FDC-42A3-9474-1A3956D46DE8}") = "ServiceTests", "ServiceTests", "{1AC35705-686E-4EF5-A4AE-153EA606C0B8}"
EndProject
Project("{2150E333-8FDC-42A3-9474-1A3956D46DE8}") = "DomainTests", "DomainTests", "{03EF5C85-27F8-4F71-BB56-6C3C8EF6D8FE}"
EndProject
Project("{FAE04EC0-301F-11D3-BF4B-00C04F79EFBC}") = "GameStore.Infrastructure.Tests", "test\GameStore.Infrastructure.Tests\GameStore.Infrastructure.Tests.csproj", "{6BFC4EA4-B51B-4A11-8A1F-753FF0F15969}"
EndProject
Project("{FAE04EC0-301F-11D3-BF4B-00C04F79EFBC}") = "GameStore.BoxingService.Tests", "test\GameStore.BoxingService.Tests\GameStore.BoxingService.Tests.csproj", "{580E5BC8-B3F4-4BF5-BE4B-45317650A082}"
EndProject
Project("{FAE04EC0-301F-11D3-BF4B-00C04F79EFBC}") = "GameStore.API.Tests", "test\GameStore.API.Tests\GameStore.API.Tests.csproj", "{16C035C7-7F5D-4FE8-B469-EE591FB9E4AD}"
EndProject
Project("{FAE04EC0-301F-11D3-BF4B-00C04F79EFBC}") = "GameStore.Domain.Tests", "test\GameStore.Domain.Tests\GameStore.Domain.Tests.csproj", "{B7464CBA-34C1-4989-A8CD-0CE20106143A}"
EndProject
Global
	GlobalSection(SolutionConfigurationPlatforms) = preSolution
		Debug|Any CPU = Debug|Any CPU
		Release|Any CPU = Release|Any CPU
	EndGlobalSection
	GlobalSection(ProjectConfigurationPlatforms) = postSolution
		{3103179F-B0D1-4A11-8F25-8B3A1C108257}.Debug|Any CPU.ActiveCfg = Debug|Any CPU
		{3103179F-B0D1-4A11-8F25-8B3A1C108257}.Debug|Any CPU.Build.0 = Debug|Any CPU
		{3103179F-B0D1-4A11-8F25-8B3A1C108257}.Release|Any CPU.ActiveCfg = Release|Any CPU
		{3103179F-B0D1-4A11-8F25-8B3A1C108257}.Release|Any CPU.Build.0 = Release|Any CPU
		{EDAE8410-9F95-422D-AC2B-7D969F5EA0DE}.Debug|Any CPU.ActiveCfg = Debug|Any CPU
		{EDAE8410-9F95-422D-AC2B-7D969F5EA0DE}.Debug|Any CPU.Build.0 = Debug|Any CPU
		{EDAE8410-9F95-422D-AC2B-7D969F5EA0DE}.Release|Any CPU.ActiveCfg = Release|Any CPU
		{EDAE8410-9F95-422D-AC2B-7D969F5EA0DE}.Release|Any CPU.Build.0 = Release|Any CPU
		{4E531879-8375-41E6-B624-712501F2F1BE}.Debug|Any CPU.ActiveCfg = Debug|Any CPU
		{4E531879-8375-41E6-B624-712501F2F1BE}.Debug|Any CPU.Build.0 = Debug|Any CPU
		{4E531879-8375-41E6-B624-712501F2F1BE}.Release|Any CPU.ActiveCfg = Release|Any CPU
		{4E531879-8375-41E6-B624-712501F2F1BE}.Release|Any CPU.Build.0 = Release|Any CPU
		{62CCD5FF-38FB-4877-AF83-12ECDF849580}.Debug|Any CPU.ActiveCfg = Debug|Any CPU
		{62CCD5FF-38FB-4877-AF83-12ECDF849580}.Debug|Any CPU.Build.0 = Debug|Any CPU
		{62CCD5FF-38FB-4877-AF83-12ECDF849580}.Release|Any CPU.ActiveCfg = Release|Any CPU
		{62CCD5FF-38FB-4877-AF83-12ECDF849580}.Release|Any CPU.Build.0 = Release|Any CPU
		{4CA58634-A759-437B-8055-642535863993}.Debug|Any CPU.ActiveCfg = Debug|Any CPU
		{4CA58634-A759-437B-8055-642535863993}.Debug|Any CPU.Build.0 = Debug|Any CPU
		{4CA58634-A759-437B-8055-642535863993}.Release|Any CPU.ActiveCfg = Release|Any CPU
		{4CA58634-A759-437B-8055-642535863993}.Release|Any CPU.Build.0 = Release|Any CPU
		{9548AE55-E955-4008-AC52-156A61A69865}.Debug|Any CPU.ActiveCfg = Debug|Any CPU
		{9548AE55-E955-4008-AC52-156A61A69865}.Debug|Any CPU.Build.0 = Debug|Any CPU
		{9548AE55-E955-4008-AC52-156A61A69865}.Release|Any CPU.ActiveCfg = Release|Any CPU
		{9548AE55-E955-4008-AC52-156A61A69865}.Release|Any CPU.Build.0 = Release|Any CPU
		{D616A22E-2364-4324-BF1B-8FC364460F08}.Debug|Any CPU.ActiveCfg = Debug|Any CPU
		{D616A22E-2364-4324-BF1B-8FC364460F08}.Debug|Any CPU.Build.0 = Debug|Any CPU
		{D616A22E-2364-4324-BF1B-8FC364460F08}.Release|Any CPU.ActiveCfg = Release|Any CPU
		{D616A22E-2364-4324-BF1B-8FC364460F08}.Release|Any CPU.Build.0 = Release|Any CPU
		{6BFC4EA4-B51B-4A11-8A1F-753FF0F15969}.Debug|Any CPU.ActiveCfg = Debug|Any CPU
		{6BFC4EA4-B51B-4A11-8A1F-753FF0F15969}.Debug|Any CPU.Build.0 = Debug|Any CPU
		{6BFC4EA4-B51B-4A11-8A1F-753FF0F15969}.Release|Any CPU.ActiveCfg = Release|Any CPU
		{6BFC4EA4-B51B-4A11-8A1F-753FF0F15969}.Release|Any CPU.Build.0 = Release|Any CPU
		{580E5BC8-B3F4-4BF5-BE4B-45317650A082}.Debug|Any CPU.ActiveCfg = Debug|Any CPU
		{580E5BC8-B3F4-4BF5-BE4B-45317650A082}.Debug|Any CPU.Build.0 = Debug|Any CPU
		{580E5BC8-B3F4-4BF5-BE4B-45317650A082}.Release|Any CPU.ActiveCfg = Release|Any CPU
		{580E5BC8-B3F4-4BF5-BE4B-45317650A082}.Release|Any CPU.Build.0 = Release|Any CPU
		{16C035C7-7F5D-4FE8-B469-EE591FB9E4AD}.Debug|Any CPU.ActiveCfg = Debug|Any CPU
		{16C035C7-7F5D-4FE8-B469-EE591FB9E4AD}.Debug|Any CPU.Build.0 = Debug|Any CPU
		{16C035C7-7F5D-4FE8-B469-EE591FB9E4AD}.Release|Any CPU.ActiveCfg = Release|Any CPU
		{16C035C7-7F5D-4FE8-B469-EE591FB9E4AD}.Release|Any CPU.Build.0 = Release|Any CPU
		{B7464CBA-34C1-4989-A8CD-0CE20106143A}.Debug|Any CPU.ActiveCfg = Debug|Any CPU
		{B7464CBA-34C1-4989-A8CD-0CE20106143A}.Debug|Any CPU.Build.0 = Debug|Any CPU
		{B7464CBA-34C1-4989-A8CD-0CE20106143A}.Release|Any CPU.ActiveCfg = Release|Any CPU
		{B7464CBA-34C1-4989-A8CD-0CE20106143A}.Release|Any CPU.Build.0 = Release|Any CPU
	EndGlobalSection
	GlobalSection(SolutionProperties) = preSolution
		HideSolutionNode = FALSE
	EndGlobalSection
	GlobalSection(NestedProjects) = preSolution
		{592E17C2-22C2-4CDB-8F33-CDF6DE77F122} = {50E20954-E746-434A-88C6-C21A15A0C210}
		{1C68E266-8C2A-4883-A85D-04559A58ED92} = {58AAC035-75D6-42FB-8257-AAE501891A9C}
		{22416ACB-CBBB-412E-B825-B21826638FA0} = {B225779E-065F-4D18-897D-4AA9457BFCFB}
		{3103179F-B0D1-4A11-8F25-8B3A1C108257} = {1C68E266-8C2A-4883-A85D-04559A58ED92}
		{5EA732BA-5A75-4E89-8817-0B975949C3CD} = {81CF3FEB-279E-4FA5-B6FA-1BE5AE9E45B7}
		{EDAE8410-9F95-422D-AC2B-7D969F5EA0DE} = {5EA732BA-5A75-4E89-8817-0B975949C3CD}
		{4E531879-8375-41E6-B624-712501F2F1BE} = {22416ACB-CBBB-412E-B825-B21826638FA0}
		{62CCD5FF-38FB-4877-AF83-12ECDF849580} = {592E17C2-22C2-4CDB-8F33-CDF6DE77F122}
		{4322AEAA-70F5-4C70-A9FC-439916C17D2B} = {81CF3FEB-279E-4FA5-B6FA-1BE5AE9E45B7}
		{4CA58634-A759-437B-8055-642535863993} = {4322AEAA-70F5-4C70-A9FC-439916C17D2B}
		{45953576-0528-414C-B01C-BD094DB9D2F4} = {81CF3FEB-279E-4FA5-B6FA-1BE5AE9E45B7}
		{9548AE55-E955-4008-AC52-156A61A69865} = {45953576-0528-414C-B01C-BD094DB9D2F4}
		{600A6D13-5D1A-41A2-994E-2293A4FAE4C0} = {81CF3FEB-279E-4FA5-B6FA-1BE5AE9E45B7}
		{D616A22E-2364-4324-BF1B-8FC364460F08} = {600A6D13-5D1A-41A2-994E-2293A4FAE4C0}
		{747E4DDD-09AB-4D2D-B459-87B2A197F074} = {D172B587-2782-482A-A121-DF95EFEED972}
		{226ABD11-E47A-4861-9CCE-15EF6E10CEA6} = {D172B587-2782-482A-A121-DF95EFEED972}
		{1AC35705-686E-4EF5-A4AE-153EA606C0B8} = {D172B587-2782-482A-A121-DF95EFEED972}
		{03EF5C85-27F8-4F71-BB56-6C3C8EF6D8FE} = {D172B587-2782-482A-A121-DF95EFEED972}
		{6BFC4EA4-B51B-4A11-8A1F-753FF0F15969} = {226ABD11-E47A-4861-9CCE-15EF6E10CEA6}
		{580E5BC8-B3F4-4BF5-BE4B-45317650A082} = {1AC35705-686E-4EF5-A4AE-153EA606C0B8}
		{16C035C7-7F5D-4FE8-B469-EE591FB9E4AD} = {747E4DDD-09AB-4D2D-B459-87B2A197F074}
		{B7464CBA-34C1-4989-A8CD-0CE20106143A} = {03EF5C85-27F8-4F71-BB56-6C3C8EF6D8FE}
	EndGlobalSection
	GlobalSection(ExtensibilityGlobals) = postSolution
		SolutionGuid = {5769F493-D0C2-4D09-900C-1AD35EDF0969}
	EndGlobalSection
EndGlobal
